
Microsoft Visual Studio Solution File, Format Version 12.00
# Visual Studio Version 17
VisualStudioVersion = 17.9.34622.214
MinimumVisualStudioVersion = 10.0.40219.1
Project("{FAE04EC0-301F-11D3-BF4B-00C04F79EFBC}") = "SynchronizationDemo", "SynchronizationDemo\SynchronizationDemo.csproj", "{F120B606-2994-43E7-924C-1CB3FC12468C}"
EndProject
Global
	GlobalSection(SolutionConfigurationPlatforms) = preSolution
		Debug|Any CPU = Debug|Any CPU
		Release|Any CPU = Release|Any CPU
	EndGlobalSection
	GlobalSection(ProjectConfigurationPlatforms) = postSolution
		{F120B606-2994-43E7-924C-1CB3FC12468C}.Debug|Any CPU.ActiveCfg = Debug|Any CPU
		{F120B606-2994-43E7-924C-1CB3FC12468C}.Debug|Any CPU.Build.0 = Debug|Any CPU
		{F120B606-2994-43E7-924C-1CB3FC12468C}.Release|Any CPU.ActiveCfg = Release|Any CPU
		{F120B606-2994-43E7-924C-1CB3FC12468C}.Release|Any CPU.Build.0 = Release|Any CPU
	EndGlobalSection
	GlobalSection(SolutionProperties) = preSolution
		HideSolutionNode = FALSE
	EndGlobalSection
	GlobalSection(ExtensibilityGlobals) = postSolution
		SolutionGuid = {9FE56107-7AE0-431D-BC31-8413E9A2B888}
	EndGlobalSection
EndGlobal
